{
    "name": "trade-box",
    "version": "1.0.0",
    "lockfileVersion": 1,
    "requires": true,
    "dependencies": {
        "babel-core": {
            "version": "7.0.0-alpha.12",
            "resolved": "https://registry.npmjs.org/babel-core/-/babel-core-7.0.0-alpha.12.tgz",
            "integrity": "sha512-XjPapSFusLZinUFsgrshYr+SlIoXzWpS4niBeSqVkxfQu5PkG00dAn/bcu87/2nKw5ABup6u5+8DhLuYF9hSoA==",
            "dev": true
        },
        "babel-eslint": {
            "version": "7.2.3",
            "resolved": "https://registry.npmjs.org/babel-eslint/-/babel-eslint-7.2.3.tgz",
            "integrity": "sha1-sv4tgBJkcPXBlELcdXJTqJdxCCc=",
            "dev": true,
            "dependencies": {
                "babel-code-frame": {
                    "version": "6.22.0",
                    "resolved": "https://registry.npmjs.org/babel-code-frame/-/babel-code-frame-6.22.0.tgz",
                    "integrity": "sha1-AnYgvuVnqIwyVhV05/0IAdMxGOQ="
                },
                "babel-messages": {
                    "version": "6.23.0",
                    "resolved": "https://registry.npmjs.org/babel-messages/-/babel-messages-6.23.0.tgz",
                    "integrity": "sha1-8830cDhYA1sqKVHG7F7fbGLyYw4="
                },
                "babel-traverse": {
                    "version": "6.25.0",
                    "resolved": "https://registry.npmjs.org/babel-traverse/-/babel-traverse-6.25.0.tgz",
                    "integrity": "sha1-IldJfi/NGbie3BPEyROB+VEklvE="
                },
                "babel-types": {
                    "version": "6.25.0",
                    "resolved": "https://registry.npmjs.org/babel-types/-/babel-types-6.25.0.tgz",
                    "integrity": "sha1-cK+ySNVmDl0Y+BHZHIMDtUE0oY4="
                },
                "babylon": {
                    "version": "6.17.3",
                    "resolved": "https://registry.npmjs.org/babylon/-/babylon-6.17.3.tgz",
                    "integrity": "sha512-mq0x3HCAGGmQyZXviOVe5TRsw37Ijy3D43jCqt/9WVf+onx2dUgW3PosnqCbScAFhRO9DGs8nxoMzU0iiosMqQ=="
                }
            }
        },
        "babel-loader": {
            "version": "7.0.0",
            "resolved": "https://registry.npmjs.org/babel-loader/-/babel-loader-7.0.0.tgz",
            "integrity": "sha1-LkOma+4f/0RwUz0EAsikUy+vuvc=",
            "dev": true
        },
        "babel-plugin-transform-react-constant-elements": {
            "version": "7.0.0-alpha.12",
            "resolved": "https://registry.npmjs.org/babel-plugin-transform-react-constant-elements/-/babel-plugin-transform-react-constant-elements-7.0.0-alpha.12.tgz",
            "integrity": "sha512-g7eo1IIMGHQGQDYwsxzFpAidswdPUHvx4asQ47lJotwSf9d0tAXubrDiLFPGjjdtF3eTVJSgNGXvc73PTzjk8Q==",
            "dev": true
        },
        "babel-plugin-transform-react-inline-elements": {
            "version": "7.0.0-alpha.12",
            "resolved": "https://registry.npmjs.org/babel-plugin-transform-react-inline-elements/-/babel-plugin-transform-react-inline-elements-7.0.0-alpha.12.tgz",
            "integrity": "sha512-yaO2kAFtbHEAArCLy8YTpVq0HgbfFqCrgX7cIT1jpu4h+Epcv++CzGrw3maJMhCMam/G+eHEOensHPU/OkoyWA==",
            "dev": true
        },
        "babel-plugin-transform-runtime": {
            "version": "7.0.0-alpha.12",
            "resolved": "https://registry.npmjs.org/babel-plugin-transform-runtime/-/babel-plugin-transform-runtime-7.0.0-alpha.12.tgz",
            "integrity": "sha512-edK4HZs5o3JVlkE04pJ7vO3k3AzSpZcTgn14xbuMs8wkSthiU4j7sTBPAepz7NmnsLStq7HNiQJMSWyDHDFl6A==",
            "dev": true
        },
        "babel-preset-es2015": {
            "version": "7.0.0-alpha.12",
            "resolved": "https://registry.npmjs.org/babel-preset-es2015/-/babel-preset-es2015-7.0.0-alpha.12.tgz",
            "integrity": "sha512-s9l9FCputEry7T8P8vDVL4lQsW3LilnLANVxM7Lqeb7rkt3yB6gexZn77hE15EI/y0eMPHAYhcajEfE/Z13oNg==",
            "dev": true
        },
        "babel-preset-es2017": {
            "version": "7.0.0-alpha.12",
            "resolved": "https://registry.npmjs.org/babel-preset-es2017/-/babel-preset-es2017-7.0.0-alpha.12.tgz",
            "integrity": "sha512-+PJs28pr4vrFxO/0gyJZIrVaS2VF9eOswKycQLisJ4brX8wOfzjvoMpX9EzDjo0GiWf1cdwvRh0n0ABrJuLYkg==",
            "dev": true
        },
        "babel-preset-react": {
            "version": "7.0.0-alpha.12",
            "resolved": "https://registry.npmjs.org/babel-preset-react/-/babel-preset-react-7.0.0-alpha.12.tgz",
            "integrity": "sha512-4KUL8r4RmS9Mnz9zkepaA4OwALYySmMkln/VwktijeNe6uYSbOmrsUQuXA2M1Mfca+hlMwo09hi1n7RdQpDh9Q==",
            "dev": true
        },
        "babel-preset-react-optimize": {
            "version": "1.0.1",
            "resolved": "https://registry.npmjs.org/babel-preset-react-optimize/-/babel-preset-react-optimize-1.0.1.tgz",
            "integrity": "sha1-wjUJ+6fLx2195wUOfSa80ivDBOg=",
            "dev": true,
            "dependencies": {
                "babel-plugin-transform-react-constant-elements": {
                    "version": "6.23.0",
                    "resolved": "https://registry.npmjs.org/babel-plugin-transform-react-constant-elements/-/babel-plugin-transform-react-constant-elements-6.23.0.tgz",
                    "integrity": "sha1-LxGb9NLN1F65uqrldAU8YE9hR90="
                },
                "babel-plugin-transform-react-inline-elements": {
                    "version": "6.22.0",
                    "resolved": "https://registry.npmjs.org/babel-plugin-transform-react-inline-elements/-/babel-plugin-transform-react-inline-elements-6.22.0.tgz",
                    "integrity": "sha1-ZochGjK0mlLyLFc6K1UEol7xfFM="
                }
            }
        },
        "babel-preset-stage-0": {
            "version": "7.0.0-alpha.12",
            "resolved": "https://registry.npmjs.org/babel-preset-stage-0/-/babel-preset-stage-0-7.0.0-alpha.12.tgz",
            "integrity": "sha512-Jjj0uU0LsD91tJrZU3oWfKWjnL75PUYJeygV+QiUnEf56Eegjf9zHNcqYTTPfitn7Cg+OfM2/48tAdcPFLviGw==",
            "dev": true
        },
        "balanced-match": {
            "version": "1.0.0",
            "resolved": "https://registry.npmjs.org/balanced-match/-/balanced-match-1.0.0.tgz",
            "integrity": "sha1-ibTRmasr7kneFk6gK4nORi1xt2c="
        },
        "clean-webpack-plugin": {
            "version": "0.1.16",
            "resolved": "https://registry.npmjs.org/clean-webpack-plugin/-/clean-webpack-plugin-0.1.16.tgz",
            "integrity": "sha1-QiqOFQvz1av9PRS/rLBw6A+y4j8=",
            "dev": true
        },
        "cross-env": {
            "version": "5.0.1",
            "resolved": "https://registry.npmjs.org/cross-env/-/cross-env-5.0.1.tgz",
            "integrity": "sha1-/05y6kO0faJIa0On8gQ7JgnkSRM=",
            "dev": true
        },
        "css-loader": {
            "version": "0.28.4",
            "resolved": "https://registry.npmjs.org/css-loader/-/css-loader-0.28.4.tgz",
            "integrity": "sha1-bPNXkZLONV6LONX0Ldeh8uyJjQ8=",
            "dev": true,
            "dependencies": {
                "babel-code-frame": {
                    "version": "6.22.0",
                    "resolved": "https://registry.npmjs.org/babel-code-frame/-/babel-code-frame-6.22.0.tgz",
                    "integrity": "sha1-AnYgvuVnqIwyVhV05/0IAdMxGOQ="
                }
            }
        },
        "ejs": {
            "version": "3.1.7",
            "resolved": "https://registry.npmjs.org/ejs/-/ejs-3.1.7.tgz",
            "integrity": "sha512-BIar7R6abbUxDA3bfXrO4DSgwo8I+fB5/1zgujl3HLLjwd6+9iOnrT+t3grn2qbk9vOgBubXOFwX2m9axoFaGw==",
            "requires": {
                "jake": "^10.8.5"
            }
        },
        "eslint": {
            "version": "4.0.0",
            "resolved": "https://registry.npmjs.org/eslint/-/eslint-4.0.0.tgz",
            "integrity": "sha1-cnfAFDf99B3M0WjVqg5Jt1yh8mA=",
            "dev": true,
            "dependencies": {
                "babel-code-frame": {
                    "version": "6.22.0",
                    "resolved": "https://registry.npmjs.org/babel-code-frame/-/babel-code-frame-6.22.0.tgz",
                    "integrity": "sha1-AnYgvuVnqIwyVhV05/0IAdMxGOQ="
                },
                "debug": {
                    "version": "2.6.8",
                    "resolved": "https://registry.npmjs.org/debug/-/debug-2.6.8.tgz",
                    "integrity": "sha1-5zFTHKLt4n0YgiJCfaF4IdaP9Pw="
                },
                "esprima": {
                    "version": "3.1.3",
                    "resolved": "https://registry.npmjs.org/esprima/-/esprima-3.1.3.tgz",
                    "integrity": "sha1-/cpRzuYTOJXjyI1TXOSdv/YqRjM="
                },
                "js-yaml": {
                    "version": "3.8.4",
                    "resolved": "https://registry.npmjs.org/js-yaml/-/js-yaml-3.8.4.tgz",
                    "integrity": "sha1-UgtFZPhlc7qWZir4Woyvp7S1pvY="
                }
            }
        },
        "eslint-plugin-react": {
            "version": "7.1.0",
            "resolved": "https://registry.npmjs.org/eslint-plugin-react/-/eslint-plugin-react-7.1.0.tgz",
            "integrity": "sha1-J3cKzzn1/UnNCvQIPOWBBOs5DUw=",
            "dev": true
        },
        "express": {
            "version": "4.15.3",
            "resolved": "https://registry.npmjs.org/express/-/express-4.15.3.tgz",
            "integrity": "sha1-urZdDwOqgMNYQIly/HAPkWlEtmI="
        },
        "extract-text-webpack-plugin": {
            "version": "2.1.2",
            "resolved": "https://registry.npmjs.org/extract-text-webpack-plugin/-/extract-text-webpack-plugin-2.1.2.tgz",
            "integrity": "sha1-dW7076gVXDaBgz+8NNpTuUF0bWw=",
            "dev": true
        },
        "favicons-webpack-plugin": {
            "version": "0.0.7",
            "resolved": "https://registry.npmjs.org/favicons-webpack-plugin/-/favicons-webpack-plugin-0.0.7.tgz",
            "integrity": "sha1-JTpGpPk9E30QlnYod/io7xLihkg=",
            "dev": true,
            "dependencies": {
                "acorn": {
                    "version": "3.3.0",
                    "resolved": "https://registry.npmjs.org/acorn/-/acorn-3.3.0.tgz",
                    "integrity": "sha1-ReN/s56No/JbruP/U2niu18iAXo="
                },
                "async": {
                    "version": "1.5.2",
                    "resolved": "https://registry.npmjs.org/async/-/async-1.5.2.tgz",
                    "integrity": "sha1-7GphrlZIDAw8skHJVhjiCJL5Zyo="
                },
                "loader-utils": {
                    "version": "0.2.17",
                    "resolved": "https://registry.npmjs.org/loader-utils/-/loader-utils-0.2.17.tgz",
                    "integrity": "sha1-+G5jdNQyBabmxg6RlvF8Apm/s0g="
                },
                "supports-color": {
                    "version": "3.2.3",
                    "resolved": "https://registry.npmjs.org/supports-color/-/supports-color-3.2.3.tgz",
                    "integrity": "sha1-ZawFBLOVQXHYpklGsq48u4pfVPY="
                },
                "webpack": {
                    "version": "1.15.0",
                    "resolved": "https://registry.npmjs.org/webpack/-/webpack-1.15.0.tgz",
                    "integrity": "sha1-T/MfU9sDM55VFkqdRo7gMklo/pg="
                }
            }
        },
        "filelist": {
            "version": "1.0.4",
            "resolved": "https://registry.npmjs.org/filelist/-/filelist-1.0.4.tgz",
            "integrity": "sha512-w1cEuf3S+DrLCQL7ET6kz+gmlJdbq9J7yXCSjK/OZCPA+qEN1WyF4ZAf0YYJa4/shHJra2t/d/r8SV4Ji+x+8Q==",
            "requires": {
                "minimatch": "^5.0.1"
            },
            "dependencies": {
                "brace-expansion": {
                    "version": "2.0.1",
                    "resolved": "https://registry.npmjs.org/brace-expansion/-/brace-expansion-2.0.1.tgz",
                    "integrity": "sha512-XnAIvQ8eM+kC6aULx6wuQiwVsnzsi9d3WxzV3FpWTGA19F621kwdbsAcFKXgKUHZWsy+mY6iL1sHTxWEFCytDA==",
                    "requires": {
                        "balanced-match": "^1.0.0"
                    }
                },
                "minimatch": {
                    "version": "5.1.6",
                    "resolved": "https://registry.npmjs.org/minimatch/-/minimatch-5.1.6.tgz",
                    "integrity": "sha512-lKwV/1brpG6mBUFHtb7NUmtABCb2WZZmm2wNiOA5hAb8VdCS4B3dtMWyvcoViccwAW/COERjXLt0zP1zXUN26g==",
                    "requires": {
                        "brace-expansion": "^2.0.1"
                    }
                }
            }
        },
        "google-fonts-webpack-plugin": {
            "version": "0.4.0",
            "resolved": "https://registry.npmjs.org/google-fonts-webpack-plugin/-/google-fonts-webpack-plugin-0.4.0.tgz",
            "integrity": "sha512-9t0eBmW6CDvhUB+87n/5mJQKjyj2bUfdBzfEWSbNILxkbbArosNJp4cObE8MzVBm4VbXKSJbAcQILXgExzA2HQ==",
            "dev": true,
            "dependencies": {
                "source-list-map": {
                    "version": "1.1.2",
                    "resolved": "https://registry.npmjs.org/source-list-map/-/source-list-map-1.1.2.tgz",
                    "integrity": "sha1-mIkBnRAkzOVc3AaUmDN+9hhqEaE="
                },
                "webpack-sources": {
                    "version": "0.2.3",
                    "resolved": "https://registry.npmjs.org/webpack-sources/-/webpack-sources-0.2.3.tgz",
                    "integrity": "sha1-F8Yr+vE8cH+dAsR54Nzd6DgGl/s="
                },
                "yauzl": {
                    "version": "2.8.0",
                    "resolved": "https://registry.npmjs.org/yauzl/-/yauzl-2.8.0.tgz",
                    "integrity": "sha1-eUUK/yKyqcWkHvVOAtuQfM+/nuI="
                }
            }
        },
        "html-loader": {
            "version": "0.4.5",
            "resolved": "https://registry.npmjs.org/html-loader/-/html-loader-0.4.5.tgz",
            "integrity": "sha1-X7zYfNY6XEmn/OL+VvQl4Fcpxow=",
            "dev": true
        },
        "html-webpack-plugin": {
            "version": "2.28.0",
            "resolved": "https://registry.npmjs.org/html-webpack-plugin/-/html-webpack-plugin-2.28.0.tgz",
            "integrity": "sha1-LnhjtX5f1I/iYzA+L/yTTDBk0Ak=",
            "dev": true,
            "dependencies": {
                "loader-utils": {
                    "version": "0.2.17",
                    "resolved": "https://registry.npmjs.org/loader-utils/-/loader-utils-0.2.17.tgz",
                    "integrity": "sha1-+G5jdNQyBabmxg6RlvF8Apm/s0g="
                }
            }
        },
        "jake": {
            "version": "10.8.5",
            "resolved": "https://registry.npmjs.org/jake/-/jake-10.8.5.tgz",
            "integrity": "sha512-sVpxYeuAhWt0OTWITwT98oyV0GsXyMlXCF+3L1SuafBVUIr/uILGRB+NqwkzhgXKvoJpDIpQvqkUALgdmQsQxw==",
            "requires": {
                "async": "^3.2.3",
                "chalk": "^4.0.2",
                "filelist": "^1.0.1",
                "minimatch": "^3.0.4"
            },
            "dependencies": {
                "ansi-styles": {
                    "version": "4.3.0",
                    "resolved": "https://registry.npmjs.org/ansi-styles/-/ansi-styles-4.3.0.tgz",
                    "integrity": "sha512-zbB9rCJAT1rbjiVDb2hqKFHNYLxgtk8NURxZ3IZwD3F6NtxbXZQCnnSi1Lkx+IDohdPlFp222wVALIheZJQSEg==",
                    "requires": {
                        "color-convert": "^2.0.1"
                    }
                },
                "async": {
                    "version": "3.2.4",
                    "resolved": "https://registry.npmjs.org/async/-/async-3.2.4.tgz",
                    "integrity": "sha512-iAB+JbDEGXhyIUavoDl9WP/Jj106Kz9DEn1DPgYw5ruDn0e3Wgi3sKFm55sASdGBNOQB8F59d9qQ7deqrHA8wQ=="
                },
                "chalk": {
                    "version": "4.1.2",
                    "resolved": "https://registry.npmjs.org/chalk/-/chalk-4.1.2.tgz",
                    "integrity": "sha512-oKnbhFyRIXpUuez8iBMmyEa4nbj4IOQyuhc/wy9kY7/WVPcwIO9VA668Pu8RkO7+0G76SLROeyw9CpQ061i4mA==",
                    "requires": {
                        "ansi-styles": "^4.1.0",
                        "supports-color": "^7.1.0"
                    }
                },
                "color-convert": {
                    "version": "2.0.1",
                    "resolved": "https://registry.npmjs.org/color-convert/-/color-convert-2.0.1.tgz",
                    "integrity": "sha512-RRECPsj7iu/xb5oKYcsFHSppFNnsj/52OVTRKb4zP5onXwVF3zVmmToNcOfGC+CRDpfK/U584fMg38ZHCaElKQ==",
                    "requires": {
                        "color-name": "~1.1.4"
                    }
                },
                "color-name": {
                    "version": "1.1.4",
                    "resolved": "https://registry.npmjs.org/color-name/-/color-name-1.1.4.tgz",
                    "integrity": "sha512-dOy+3AuW3a2wNbZHIuMZpTcgjGuLU/uBL/ubcZF9OXbDo8ff4O8yVp5Bf0efS8uEoYo5q4Fx7dY9OgQGXgAsQA=="
                },
                "has-flag": {
                    "version": "4.0.0",
                    "resolved": "https://registry.npmjs.org/has-flag/-/has-flag-4.0.0.tgz",
                    "integrity": "sha512-EykJT/Q1KjTWctppgIAgfSO0tKVuZUjhgMr17kqTumMl6Afv3EISleU7qZUzoXDFTAHTDC4NOoG/ZxU3EvlMPQ=="
                },
                "supports-color": {
                    "version": "7.2.0",
                    "resolved": "https://registry.npmjs.org/supports-color/-/supports-color-7.2.0.tgz",
                    "integrity": "sha512-qpCAvRl9stuOHveKsn7HncJRvv501qIacKzQlO/+Lwxc9+0q2wLyv4Dfvt80/DPn2pqOBsJdDiogXGR9+OvwRw==",
                    "requires": {
                        "has-flag": "^4.0.0"
                    }
                }
            }
        },
        "minimatch": {
            "version": "3.0.4",
            "resolved": "https://registry.npmjs.org/minimatch/-/minimatch-3.0.4.tgz",
            "integrity": "sha512-yJHVQEhyqPLUTgt9B83PXu6W3rx4MvvHvSUvToogpwoGDOUQ+yDrR0HRot+yOCdCO7u4hX3pWft6kWBBcqh0UA=="
        },
        "node-sass": {
            "version": "4.5.3",
            "resolved": "https://registry.npmjs.org/node-sass/-/node-sass-4.5.3.tgz",
            "integrity": "sha1-0JydEXlkEjnRuX/8YjH9zsU+FWg=",
            "dev": true,
            "dependencies": {
                "cross-spawn": {
                    "version": "3.0.1",
                    "resolved": "https://registry.npmjs.org/cross-spawn/-/cross-spawn-3.0.1.tgz",
                    "integrity": "sha1-ElYDfsufDF9549bvE14wdwGEuYI="
                }
            }
        },
        "normalize-scss": {
            "version": "7.0.0",
            "resolved": "https://registry.npmjs.org/normalize-scss/-/normalize-scss-7.0.0.tgz",
            "integrity": "sha1-kuqsZVTMN2M2wGaCoNaiCZu7CIk=",
            "dev": true
        },
        "offline-plugin": {
            "version": "4.8.1",
            "resolved": "https://registry.npmjs.org/offline-plugin/-/offline-plugin-4.8.1.tgz",
            "integrity": "sha1-HXNFcIEYV3cXnCnZ1Bb3EHegGXo=",
            "dev": true,
            "dependencies": {
                "loader-utils": {
                    "version": "0.2.17",
                    "resolved": "https://registry.npmjs.org/loader-utils/-/loader-utils-0.2.17.tgz",
                    "integrity": "sha1-+G5jdNQyBabmxg6RlvF8Apm/s0g="
                }
            }
        },
        "path": {
            "version": "0.12.7",
            "resolved": "https://registry.npmjs.org/path/-/path-0.12.7.tgz",
            "integrity": "sha1-1NwqUGxM4hl+tIHr/NWzbAFAsQ8=",
            "dev": true,
            "dependencies": {
                "process": {
                    "version": "0.11.10",
                    "resolved": "https://registry.npmjs.org/process/-/process-0.11.10.tgz",
                    "integrity": "sha1-czIwDoQBYb2j5podHZGn1LwW8YI="
                }
            }
        },
        "react": {
            "version": "16.0.0-alpha.13",
            "resolved": "https://registry.npmjs.org/react/-/react-16.0.0-alpha.13.tgz",
            "integrity": "sha1-3jfgNbBig6Fc+5FsaUO5sGayXeA="
        },
        "react-dom": {
            "version": "16.0.0-alpha.13",
            "resolved": "https://registry.npmjs.org/react-dom/-/react-dom-16.0.0-alpha.13.tgz",
            "integrity": "sha1-wrOar4ZF8dZkYZ+0mh+7n2BxnCM="
        },
        "react-hot-loader": {
            "version": "3.0.0-beta.7",
            "resolved": "https://registry.npmjs.org/react-hot-loader/-/react-hot-loader-3.0.0-beta.7.tgz",
            "integrity": "sha1-1YR7gWXXMcTVsw2G1dRxYieg+oM=",
            "dev": true,
            "dependencies": {
                "babel-code-frame": {
                    "version": "6.22.0",
                    "resolved": "https://registry.npmjs.org/babel-code-frame/-/babel-code-frame-6.22.0.tgz",
                    "integrity": "sha1-AnYgvuVnqIwyVhV05/0IAdMxGOQ="
                },
                "babel-messages": {
                    "version": "6.23.0",
                    "resolved": "https://registry.npmjs.org/babel-messages/-/babel-messages-6.23.0.tgz",
                    "integrity": "sha1-8830cDhYA1sqKVHG7F7fbGLyYw4="
                },
                "babel-template": {
                    "version": "6.25.0",
                    "resolved": "https://registry.npmjs.org/babel-template/-/babel-template-6.25.0.tgz",
                    "integrity": "sha1-ZlJBFmt8KqTGGdceGSlpVSsQwHE="
                },
                "babel-traverse": {
                    "version": "6.25.0",
                    "resolved": "https://registry.npmjs.org/babel-traverse/-/babel-traverse-6.25.0.tgz",
                    "integrity": "sha1-IldJfi/NGbie3BPEyROB+VEklvE="
                },
                "babel-types": {
                    "version": "6.25.0",
                    "resolved": "https://registry.npmjs.org/babel-types/-/babel-types-6.25.0.tgz",
                    "integrity": "sha1-cK+ySNVmDl0Y+BHZHIMDtUE0oY4="
                },
                "babylon": {
                    "version": "6.17.3",
                    "resolved": "https://registry.npmjs.org/babylon/-/babylon-6.17.3.tgz",
                    "integrity": "sha512-mq0x3HCAGGmQyZXviOVe5TRsw37Ijy3D43jCqt/9WVf+onx2dUgW3PosnqCbScAFhRO9DGs8nxoMzU0iiosMqQ=="
                },
                "source-map": {
                    "version": "0.4.4",
                    "resolved": "https://registry.npmjs.org/source-map/-/source-map-0.4.4.tgz",
                    "integrity": "sha1-66T12pwNyZneaAMti092FzZSA2s="
                }
            }
        },
        "react-router": {
            "version": "4.1.1",
            "resolved": "https://registry.npmjs.org/react-router/-/react-router-4.1.1.tgz",
            "integrity": "sha1-1Ejzt8G0Kab7sDOVCZlJxgax/pU=",
            "dependencies": {
                "path-to-regexp": {
                    "version": "1.7.0",
                    "resolved": "https://registry.npmjs.org/path-to-regexp/-/path-to-regexp-1.7.0.tgz",
                    "integrity": "sha1-Wf3g9DW62suhA6hOnTvGTpa5k30="
                }
            }
        },
        "react-router-dom": {
            "version": "4.1.1",
            "resolved": "https://registry.npmjs.org/react-router-dom/-/react-router-dom-4.1.1.tgz",
            "integrity": "sha1-MCGt4fLBYK+Xz5TiVZTF8pRYMCU="
        },
        "sass-loader": {
            "version": "6.0.5",
            "resolved": "https://registry.npmjs.org/sass-loader/-/sass-loader-6.0.5.tgz",
            "integrity": "sha1-qEeRDzZEKqVsWYWHnVTrUZ4koyg=",
            "dev": true
        },
        "script-ext-html-webpack-plugin": {
            "version": "1.8.1",
            "resolved": "https://registry.npmjs.org/script-ext-html-webpack-plugin/-/script-ext-html-webpack-plugin-1.8.1.tgz",
            "integrity": "sha1-NrunJsOLzevB5pMz4/19cYqbMZU=",
            "dev": true
        },
        "style-loader": {
            "version": "0.18.2",
            "resolved": "https://registry.npmjs.org/style-loader/-/style-loader-0.18.2.tgz",
            "integrity": "sha512-WPpJPZGUxWYHWIUMNNOYqql7zh85zGmr84FdTVWq52WTIkqlW9xSxD3QYWi/T31cqn9UNSsietVEgGn2aaSCzw==",
            "dev": true
        },
        "webapp-manifest-plugin": {
            "version": "0.0.3",
            "resolved": "https://registry.npmjs.org/webapp-manifest-plugin/-/webapp-manifest-plugin-0.0.3.tgz",
            "integrity": "sha1-vekgzmBhH0VudZY5ZS2qTpSiIpQ=",
            "dev": true
        },
        "webpack": {
            "version": "3.0.0-rc.1",
            "resolved": "https://registry.npmjs.org/webpack/-/webpack-3.0.0-rc.1.tgz",
            "integrity": "sha1-QTGc2oBA9TF3zpmaXYozPk8mTXU=",
            "dev": true,
            "dependencies": {
                "ajv": {
                    "version": "5.1.5",
                    "resolved": "https://registry.npmjs.org/ajv/-/ajv-5.1.5.tgz",
                    "integrity": "sha1-hzSTG2AfANT+73xlc4130bZdH2g="
                },
                "ajv-keywords": {
                    "version": "2.1.0",
                    "resolved": "https://registry.npmjs.org/ajv-keywords/-/ajv-keywords-2.1.0.tgz",
                    "integrity": "sha1-opbhf3v658HOT34N5T0pyzIWLfA="
                },
                "camelcase": {
                    "version": "1.2.1",
                    "resolved": "https://registry.npmjs.org/camelcase/-/camelcase-1.2.1.tgz",
                    "integrity": "sha1-m7UwTS4LVmmLLHWLCKPqqdqlijk="
                },
                "cliui": {
                    "version": "2.1.0",
                    "resolved": "https://registry.npmjs.org/cliui/-/cliui-2.1.0.tgz",
                    "integrity": "sha1-S0dXYP+AJkx2LDoXGQMukcf+oNE="
                },
                "crypto-browserify": {
                    "version": "3.11.0",
                    "resolved": "https://registry.npmjs.org/crypto-browserify/-/crypto-browserify-3.11.0.tgz",
                    "integrity": "sha1-NlKgkGq5sqfgw85mpAjpV6JIVSI="
                },
                "enhanced-resolve": {
                    "version": "3.1.0",
                    "resolved": "https://registry.npmjs.org/enhanced-resolve/-/enhanced-resolve-3.1.0.tgz",
                    "integrity": "sha1-n0tib1dyRe3PSyrYPYbhf09CHew="
                },
                "interpret": {
                    "version": "1.0.3",
                    "resolved": "https://registry.npmjs.org/interpret/-/interpret-1.0.3.tgz",
                    "integrity": "sha1-y8NcYu7uc/Gat7EKgBURQBr8D5A="
                },
                "is-fullwidth-code-point": {
                    "version": "1.0.0",
                    "resolved": "https://registry.npmjs.org/is-fullwidth-code-point/-/is-fullwidth-code-point-1.0.0.tgz",
                    "integrity": "sha1-754xOG8DGn8NZDr4L95QxFfvAMs="
                },
                "memory-fs": {
                    "version": "0.4.1",
                    "resolved": "https://registry.npmjs.org/memory-fs/-/memory-fs-0.4.1.tgz",
                    "integrity": "sha1-OpoguEYlI+RHz7x+i7gO1me/xVI="
                },
                "node-libs-browser": {
                    "version": "2.0.0",
                    "resolved": "https://registry.npmjs.org/node-libs-browser/-/node-libs-browser-2.0.0.tgz",
                    "integrity": "sha1-o6WeyXAkmFtG6Vg3lkb5bEthZkY="
                },
                "process": {
                    "version": "0.11.10",
                    "resolved": "https://registry.npmjs.org/process/-/process-0.11.10.tgz",
                    "integrity": "sha1-czIwDoQBYb2j5podHZGn1LwW8YI="
                },
                "string-width": {
                    "version": "1.0.2",
                    "resolved": "https://registry.npmjs.org/string-width/-/string-width-1.0.2.tgz",
                    "integrity": "sha1-EYvfW4zcUaKn5w0hHgfisLmxB9M="
                },
                "string_decoder": {
                    "version": "0.10.31",
                    "resolved": "https://registry.npmjs.org/string_decoder/-/string_decoder-0.10.31.tgz",
                    "integrity": "sha1-YuIDvEF2bGwoyfyEMB2rHFMQ+pQ="
                },
                "supports-color": {
                    "version": "3.2.3",
                    "resolved": "https://registry.npmjs.org/supports-color/-/supports-color-3.2.3.tgz",
                    "integrity": "sha1-ZawFBLOVQXHYpklGsq48u4pfVPY="
                },
                "tapable": {
                    "version": "0.2.6",
                    "resolved": "https://registry.npmjs.org/tapable/-/tapable-0.2.6.tgz",
                    "integrity": "sha1-IGvo4YiGC1FEJTdebxrom/sB/Y0="
                },
                "uglify-js": {
                    "version": "2.8.28",
                    "resolved": "https://registry.npmjs.org/uglify-js/-/uglify-js-2.8.28.tgz",
                    "integrity": "sha512-WqKNbmNJKzIdIEQu/U2ytgGBbhCy2PVks94GoetczOAJ/zCgVu2CuO7gguI5KPFGPtUtI1dmPQl6h0D4cPzypA==",
                    "dependencies": {
                        "yargs": {
                            "version": "3.10.0",
                            "resolved": "https://registry.npmjs.org/yargs/-/yargs-3.10.0.tgz",
                            "integrity": "sha1-9+572FfdfB0tOMDnTvvWgdFDH9E="
                        }
                    }
                },
                "watchpack": {
                    "version": "1.3.1",
                    "resolved": "https://registry.npmjs.org/watchpack/-/watchpack-1.3.1.tgz",
                    "integrity": "sha1-fYaTkHsozmAT5/NhCqKhrPB9rYc="
                },
                "window-size": {
                    "version": "0.1.0",
                    "resolved": "https://registry.npmjs.org/window-size/-/window-size-0.1.0.tgz",
                    "integrity": "sha1-VDjNLqk7IC76Ohn+iIeu58lPnJ0="
                },
                "wordwrap": {
                    "version": "0.0.2",
                    "resolved": "https://registry.npmjs.org/wordwrap/-/wordwrap-0.0.2.tgz",
                    "integrity": "sha1-t5Zpu0LstAn4PVg8rVLKF+qhZD8="
                },
                "yargs": {
                    "version": "6.6.0",
                    "resolved": "https://registry.npmjs.org/yargs/-/yargs-6.6.0.tgz",
                    "integrity": "sha1-eC7CHvQDNF+DCoCMo9UTr1YGUgg=",
                    "dependencies": {
                        "camelcase": {
                            "version": "3.0.0",
                            "resolved": "https://registry.npmjs.org/camelcase/-/camelcase-3.0.0.tgz",
                            "integrity": "sha1-MvxLn82vhF/N9+c7uXysImHwqwo="
                        },
                        "cliui": {
                            "version": "3.2.0",
                            "resolved": "https://registry.npmjs.org/cliui/-/cliui-3.2.0.tgz",
                            "integrity": "sha1-EgYBU3qRbSmUD5NNo7SNWFo5IT0="
                        }
                    }
                },
                "yargs-parser": {
                    "version": "4.2.1",
                    "resolved": "https://registry.npmjs.org/yargs-parser/-/yargs-parser-4.2.1.tgz",
                    "integrity": "sha1-KczqwNxPA8bIe0qfIX3RjJ90hxw=",
                    "dependencies": {
                        "camelcase": {
                            "version": "3.0.0",
                            "resolved": "https://registry.npmjs.org/camelcase/-/camelcase-3.0.0.tgz",
                            "integrity": "sha1-MvxLn82vhF/N9+c7uXysImHwqwo="
                        }
                    }
                }
            }
        },
        "webpack-dev-server": {
            "version": "2.4.5",
            "resolved": "https://registry.npmjs.org/webpack-dev-server/-/webpack-dev-server-2.4.5.tgz",
            "integrity": "sha1-MThM6BE2vhCAtLTN4OubkOVO5s8=",
            "dev": true,
            "dependencies": {
                "camelcase": {
                    "version": "3.0.0",
                    "resolved": "https://registry.npmjs.org/camelcase/-/camelcase-3.0.0.tgz",
                    "integrity": "sha1-MvxLn82vhF/N9+c7uXysImHwqwo="
                },
                "is-fullwidth-code-point": {
                    "version": "1.0.0",
                    "resolved": "https://registry.npmjs.org/is-fullwidth-code-point/-/is-fullwidth-code-point-1.0.0.tgz",
                    "integrity": "sha1-754xOG8DGn8NZDr4L95QxFfvAMs="
                },
                "string-width": {
                    "version": "1.0.2",
                    "resolved": "https://registry.npmjs.org/string-width/-/string-width-1.0.2.tgz",
                    "integrity": "sha1-EYvfW4zcUaKn5w0hHgfisLmxB9M="
                },
                "supports-color": {
                    "version": "3.2.3",
                    "resolved": "https://registry.npmjs.org/supports-color/-/supports-color-3.2.3.tgz",
                    "integrity": "sha1-ZawFBLOVQXHYpklGsq48u4pfVPY="
                },
                "yargs": {
                    "version": "6.6.0",
                    "resolved": "https://registry.npmjs.org/yargs/-/yargs-6.6.0.tgz",
                    "integrity": "sha1-eC7CHvQDNF+DCoCMo9UTr1YGUgg="
                },
                "yargs-parser": {
                    "version": "4.2.1",
                    "resolved": "https://registry.npmjs.org/yargs-parser/-/yargs-parser-4.2.1.tgz",
                    "integrity": "sha1-KczqwNxPA8bIe0qfIX3RjJ90hxw="
                }
            }
        },
        "webpack-node-externals": {
            "version": "1.6.0",
            "resolved": "https://registry.npmjs.org/webpack-node-externals/-/webpack-node-externals-1.6.0.tgz",
            "integrity": "sha1-Iyxi7GCSsQBjWj0p2DwXRxKN+b0=",
            "dev": true
        }
    }
}
